
Microsoft Visual Studio Solution File, Format Version 12.00
# Visual Studio 15
VisualStudioVersion = 15.0.28010.2026
MinimumVisualStudioVersion = 10.0.40219.1
Project("{FAE04EC0-301F-11D3-BF4B-00C04F79EFBC}") = "Goniotech", "Goniotech\Goniotech.csproj", "{D88DB6E0-04B1-4C3E-BA31-FF71F641BD4E}"
EndProject
Global
	GlobalSection(SolutionConfigurationPlatforms) = preSolution
		Debug|Any CPU = Debug|Any CPU
		Release|Any CPU = Release|Any CPU
	EndGlobalSection
	GlobalSection(ProjectConfigurationPlatforms) = postSolution
		{D88DB6E0-04B1-4C3E-BA31-FF71F641BD4E}.Debug|Any CPU.ActiveCfg = Debug|Any CPU
		{D88DB6E0-04B1-4C3E-BA31-FF71F641BD4E}.Debug|Any CPU.Build.0 = Debug|Any CPU
		{D88DB6E0-04B1-4C3E-BA31-FF71F641BD4E}.Release|Any CPU.ActiveCfg = Release|Any CPU
		{D88DB6E0-04B1-4C3E-BA31-FF71F641BD4E}.Release|Any CPU.Build.0 = Release|Any CPU
	EndGlobalSection
	GlobalSection(SolutionProperties) = preSolution
		HideSolutionNode = FALSE
	EndGlobalSection
	GlobalSection(ExtensibilityGlobals) = postSolution
		SolutionGuid = {4BF10385-DF52-4E4E-877D-73EF59759D28}
	EndGlobalSection
EndGlobal
